
Microsoft Visual Studio Solution File, Format Version 12.00
# Visual Studio Version 16
VisualStudioVersion = 16.0.30011.22
MinimumVisualStudioVersion = 10.0.40219.1
Project("{9A19103F-16F7-4668-BE54-9A1E7A4F7556}") = "GardenPlannerTest", "GardenPlannerTest\GardenPlannerTest.csproj", "{A1789B51-9A8D-49B5-83A9-6A3589D8EA80}"
EndProject
Project("{9A19103F-16F7-4668-BE54-9A1E7A4F7556}") = "GardenPlannerApp", "GardenPlannerApp\GardenPlannerApp.csproj", "{C3543418-FAE2-481E-8836-015DBBFAD912}"
EndProject
Global
	GlobalSection(SolutionConfigurationPlatforms) = preSolution
		Debug|Any CPU = Debug|Any CPU
		Release|Any CPU = Release|Any CPU
	EndGlobalSection
	GlobalSection(ProjectConfigurationPlatforms) = postSolution
		{A1789B51-9A8D-49B5-83A9-6A3589D8EA80}.Debug|Any CPU.ActiveCfg = Debug|Any CPU
		{A1789B51-9A8D-49B5-83A9-6A3589D8EA80}.Debug|Any CPU.Build.0 = Debug|Any CPU
		{A1789B51-9A8D-49B5-83A9-6A3589D8EA80}.Release|Any CPU.ActiveCfg = Release|Any CPU
		{A1789B51-9A8D-49B5-83A9-6A3589D8EA80}.Release|Any CPU.Build.0 = Release|Any CPU
		{C3543418-FAE2-481E-8836-015DBBFAD912}.Debug|Any CPU.ActiveCfg = Debug|Any CPU
		{C3543418-FAE2-481E-8836-015DBBFAD912}.Debug|Any CPU.Build.0 = Debug|Any CPU
		{C3543418-FAE2-481E-8836-015DBBFAD912}.Release|Any CPU.ActiveCfg = Release|Any CPU
		{C3543418-FAE2-481E-8836-015DBBFAD912}.Release|Any CPU.Build.0 = Release|Any CPU
	EndGlobalSection
	GlobalSection(SolutionProperties) = preSolution
		HideSolutionNode = FALSE
	EndGlobalSection
	GlobalSection(ExtensibilityGlobals) = postSolution
		SolutionGuid = {5E16F0BC-2104-412A-B854-1BBC6B796A85}
	EndGlobalSection
EndGlobal
